
Microsoft Visual Studio Solution File, Format Version 12.00
# Visual Studio Version 17
VisualStudioVersion = 17.0.32014.148
MinimumVisualStudioVersion = 10.0.40219.1
Project("{FAE04EC0-301F-11D3-BF4B-00C04F79EFBC}") = "ConvertPDFToWord", "ConvertPDFToWord\ConvertPDFToWord.csproj", "{F117D36D-3C80-458B-A59D-ED00CD78F5B2}"
EndProject
Global
	GlobalSection(SolutionConfigurationPlatforms) = preSolution
		Debug|Any CPU = Debug|Any CPU
		Release|Any CPU = Release|Any CPU
	EndGlobalSection
	GlobalSection(ProjectConfigurationPlatforms) = postSolution
		{F117D36D-3C80-458B-A59D-ED00CD78F5B2}.Debug|Any CPU.ActiveCfg = Debug|Any CPU
		{F117D36D-3C80-458B-A59D-ED00CD78F5B2}.Debug|Any CPU.Build.0 = Debug|Any CPU
		{F117D36D-3C80-458B-A59D-ED00CD78F5B2}.Release|Any CPU.ActiveCfg = Release|Any CPU
		{F117D36D-3C80-458B-A59D-ED00CD78F5B2}.Release|Any CPU.Build.0 = Release|Any CPU
	EndGlobalSection
	GlobalSection(SolutionProperties) = preSolution
		HideSolutionNode = FALSE
	EndGlobalSection
	GlobalSection(ExtensibilityGlobals) = postSolution
		SolutionGuid = {7B41BEFC-C13A-431E-A3E0-8768316B6A5D}
	EndGlobalSection
EndGlobal
